
Microsoft Visual Studio Solution File, Format Version 12.00
# Visual Studio Version 16
VisualStudioVersion = 16.0.31025.194
MinimumVisualStudioVersion = 10.0.40219.1
Project("{9A19103F-16F7-4668-BE54-9A1E7A4F7556}") = "CalculatorApp", "CalculatorApp\CalculatorApp.csproj", "{731FC1C0-FAB8-4607-AEE5-5826DB26B0D1}"
EndProject
Project("{FAE04EC0-301F-11D3-BF4B-00C04F79EFBC}") = "CalculatorWindowss", "CalculatorWindowss\CalculatorWindowss.csproj", "{BE48FDA4-AF04-4B3D-B005-CF7E9299C1FB}"
EndProject
Project("{FAE04EC0-301F-11D3-BF4B-00C04F79EFBC}") = "CalculatorMachine", "CalculatorMachine\CalculatorMachine.csproj", "{47F3EF4A-2E3F-4F3D-BD66-40FAED56DF51}"
EndProject
Global
	GlobalSection(SolutionConfigurationPlatforms) = preSolution
		Debug|Any CPU = Debug|Any CPU
		Release|Any CPU = Release|Any CPU
	EndGlobalSection
	GlobalSection(ProjectConfigurationPlatforms) = postSolution
		{731FC1C0-FAB8-4607-AEE5-5826DB26B0D1}.Debug|Any CPU.ActiveCfg = Debug|Any CPU
		{731FC1C0-FAB8-4607-AEE5-5826DB26B0D1}.Debug|Any CPU.Build.0 = Debug|Any CPU
		{731FC1C0-FAB8-4607-AEE5-5826DB26B0D1}.Release|Any CPU.ActiveCfg = Release|Any CPU
		{731FC1C0-FAB8-4607-AEE5-5826DB26B0D1}.Release|Any CPU.Build.0 = Release|Any CPU
		{BE48FDA4-AF04-4B3D-B005-CF7E9299C1FB}.Debug|Any CPU.ActiveCfg = Debug|Any CPU
		{BE48FDA4-AF04-4B3D-B005-CF7E9299C1FB}.Debug|Any CPU.Build.0 = Debug|Any CPU
		{BE48FDA4-AF04-4B3D-B005-CF7E9299C1FB}.Release|Any CPU.ActiveCfg = Release|Any CPU
		{BE48FDA4-AF04-4B3D-B005-CF7E9299C1FB}.Release|Any CPU.Build.0 = Release|Any CPU
		{47F3EF4A-2E3F-4F3D-BD66-40FAED56DF51}.Debug|Any CPU.ActiveCfg = Debug|Any CPU
		{47F3EF4A-2E3F-4F3D-BD66-40FAED56DF51}.Debug|Any CPU.Build.0 = Debug|Any CPU
		{47F3EF4A-2E3F-4F3D-BD66-40FAED56DF51}.Release|Any CPU.ActiveCfg = Release|Any CPU
		{47F3EF4A-2E3F-4F3D-BD66-40FAED56DF51}.Release|Any CPU.Build.0 = Release|Any CPU
	EndGlobalSection
	GlobalSection(SolutionProperties) = preSolution
		HideSolutionNode = FALSE
	EndGlobalSection
	GlobalSection(ExtensibilityGlobals) = postSolution
		SolutionGuid = {C3136F1A-F179-449F-B842-0F3948CED18A}
	EndGlobalSection
EndGlobal
