
Microsoft Visual Studio Solution File, Format Version 12.00
# Visual Studio Version 16
VisualStudioVersion = 16.0.31025.194
MinimumVisualStudioVersion = 10.0.40219.1
Project("{FAE04EC0-301F-11D3-BF4B-00C04F79EFBC}") = "TugasTiga1", "TugasTiga1\TugasTiga1.csproj", "{832FAC95-EE34-4FD0-BDA2-C7F79612704F}"
EndProject
Global
	GlobalSection(SolutionConfigurationPlatforms) = preSolution
		Debug|Any CPU = Debug|Any CPU
		Release|Any CPU = Release|Any CPU
	EndGlobalSection
	GlobalSection(ProjectConfigurationPlatforms) = postSolution
		{832FAC95-EE34-4FD0-BDA2-C7F79612704F}.Debug|Any CPU.ActiveCfg = Debug|Any CPU
		{832FAC95-EE34-4FD0-BDA2-C7F79612704F}.Debug|Any CPU.Build.0 = Debug|Any CPU
		{832FAC95-EE34-4FD0-BDA2-C7F79612704F}.Release|Any CPU.ActiveCfg = Release|Any CPU
		{832FAC95-EE34-4FD0-BDA2-C7F79612704F}.Release|Any CPU.Build.0 = Release|Any CPU
	EndGlobalSection
	GlobalSection(SolutionProperties) = preSolution
		HideSolutionNode = FALSE
	EndGlobalSection
	GlobalSection(ExtensibilityGlobals) = postSolution
		SolutionGuid = {C9977893-C627-4D82-B6EE-C0CAFA66878C}
	EndGlobalSection
EndGlobal
