
Microsoft Visual Studio Solution File, Format Version 12.00
# Visual Studio Version 16
VisualStudioVersion = 16.0.31025.194
MinimumVisualStudioVersion = 10.0.40219.1
Project("{FAE04EC0-301F-11D3-BF4B-00C04F79EFBC}") = "TugasTigaDua", "TugasTigaDua\TugasTigaDua.csproj", "{3676C541-6A3D-4DCE-BF3C-485AD59607FE}"
EndProject
Global
	GlobalSection(SolutionConfigurationPlatforms) = preSolution
		Debug|Any CPU = Debug|Any CPU
		Release|Any CPU = Release|Any CPU
	EndGlobalSection
	GlobalSection(ProjectConfigurationPlatforms) = postSolution
		{3676C541-6A3D-4DCE-BF3C-485AD59607FE}.Debug|Any CPU.ActiveCfg = Debug|Any CPU
		{3676C541-6A3D-4DCE-BF3C-485AD59607FE}.Debug|Any CPU.Build.0 = Debug|Any CPU
		{3676C541-6A3D-4DCE-BF3C-485AD59607FE}.Release|Any CPU.ActiveCfg = Release|Any CPU
		{3676C541-6A3D-4DCE-BF3C-485AD59607FE}.Release|Any CPU.Build.0 = Release|Any CPU
	EndGlobalSection
	GlobalSection(SolutionProperties) = preSolution
		HideSolutionNode = FALSE
	EndGlobalSection
	GlobalSection(ExtensibilityGlobals) = postSolution
		SolutionGuid = {5ECE8E15-FDAD-4D7E-AB61-2A0CEE1A9E75}
	EndGlobalSection
EndGlobal
